<Project ToolsVersion="4.0" xmlns="http://schemas.microsoft.com/developer/msbuild/2003">
  <ItemGroup>
    <Filter Include="Source Files">
      <UniqueIdentifier>{4FC737F1-C7A5-4376-A066-2A32D752A2FF}</UniqueIdentifier>
      <Extensions>cpp;c;cc;cxx;def;odl;idl;hpj;bat;asm;asmx</Extensions>
    </Filter>
    <Filter Include="Header Files">
      <UniqueIdentifier>{93995380-89BD-4b04-88EB-625FBE52EBFB}</UniqueIdentifier>
      <Extensions>h;hpp;hxx;hm;inl;inc;xsd</Extensions>
    </Filter>
    <Filter Include="Resource Files">
      <UniqueIdentifier>{67DA6AB6-F800-4c08-8B7A-83BB121AAD01}</UniqueIdentifier>
      <Extensions>rc;ico;cur;bmp;dlg;rc2;rct;bin;rgs;gif;jpg;jpeg;jpe;resx;tiff;tif;png;wav</Extensions>
    </Filter>
    <Filter Include="Blocks">
      <UniqueIdentifier>{919D064A-6FB8-49CC-868B-11CAC727A005}</UniqueIdentifier>
    </Filter>
    <Filter Include="Blocks\Alfrid">
      <UniqueIdentifier>{1C1CE04B-D183-4A00-BCB0-C245EFA53039}</UniqueIdentifier>
    </Filter>
    <Filter Include="Blocks\Alfrid\include">
      <UniqueIdentifier>{82BC68A3-04FA-42D5-8F04-D7C6C4A585E8}</UniqueIdentifier>
    </Filter>
    <Filter Include="Blocks\Alfrid\src">
      <UniqueIdentifier>{385AD82C-3777-4BB0-944D-EEC59AB7611C}</UniqueIdentifier>
    </Filter>
    <Filter Include="shaders">
      <UniqueIdentifier>{aa7c1231-54a5-4eef-8793-7663c647b8fb}</UniqueIdentifier>
    </Filter>
  </ItemGroup>
  <ItemGroup>
    <ClCompile Include="..\src\InstanceParticlesApp.cpp">
      <Filter>Source Files</Filter>
    </ClCompile>
    <ClInclude Include="..\include\Resources.h">
      <Filter>Header Files</Filter>
    </ClInclude>
    <ClCompile Include="..\src\InstanceParticlesApp.cpp">
      <Filter>Source Files</Filter>
    </ClCompile>
    <ClInclude Include="..\blocks\Alfrid\include\Alfrid.h">
      <Filter>Blocks\Alfrid\include</Filter>
    </ClInclude>
    <ClInclude Include="..\blocks\Alfrid\include\BatchHelpers.h">
      <Filter>Blocks\Alfrid\include</Filter>
    </ClInclude>
    <ClInclude Include="..\blocks\Alfrid\include\Draw.h">
      <Filter>Blocks\Alfrid\include</Filter>
    </ClInclude>
    <ClInclude Include="..\blocks\Alfrid\include\EaseNumber.h">
      <Filter>Blocks\Alfrid\include</Filter>
    </ClInclude>
    <ClInclude Include="..\blocks\Alfrid\include\FboPingPong.h">
      <Filter>Blocks\Alfrid\include</Filter>
    </ClInclude>
    <ClInclude Include="..\blocks\Alfrid\include\Helpers.h">
      <Filter>Blocks\Alfrid\include</Filter>
    </ClInclude>
    <ClInclude Include="..\blocks\Alfrid\include\OrbitalControl.h">
      <Filter>Blocks\Alfrid\include</Filter>
    </ClInclude>
    <ClInclude Include="..\blocks\Alfrid\include\TweenNumber.h">
      <Filter>Blocks\Alfrid\include</Filter>
    </ClInclude>
    <ClCompile Include="..\blocks\Alfrid\src\Helpers.cpp">
      <Filter>Blocks\Alfrid\src</Filter>
    </ClCompile>
    <ClCompile Include="..\src\ColorThemes.cpp">
      <Filter>Source Files</Filter>
    </ClCompile>
  </ItemGroup>
  <ItemGroup>
    <ClInclude Include="..\include\Resources.h">
      <Filter>Header Files</Filter>
    </ClInclude>
    <ClInclude Include="..\src\ColorThemes.h">
      <Filter>Header Files</Filter>
    </ClInclude>
  </ItemGroup>
  <ItemGroup>
    <ResourceCompile Include="Resources.rc">
      <Filter>Resource Files</Filter>
    </ResourceCompile>
  </ItemGroup>
  <ItemGroup>
    <None Include="..\assets\render.frag">
      <Filter>shaders</Filter>
    </None>
    <None Include="..\assets\render.vert">
      <Filter>shaders</Filter>
    </None>
    <None Include="..\assets\update.vert">
      <Filter>shaders</Filter>
    </None>
    <None Include="..\assets\cubes.frag">
      <Filter>shaders</Filter>
    </None>
    <None Include="..\assets\cubes.vert">
      <Filter>shaders</Filter>
    </None>
    <None Include="..\assets\ao.frag">
      <Filter>shaders</Filter>
    </None>
    <None Include="..\assets\pass.vert">
      <Filter>shaders</Filter>
    </None>
  </ItemGroup>
</Project>