// !$*UTF8*$!
{
	archiveVersion = 1;
	classes = {
	};
	objectVersion = 46;
	objects = {

/* Begin PBXBuildFile section */
		00748058165D41390024B57A /* assets in Resources */ = {isa = PBXBuildFile; fileRef = 00748057165D41390024B57A /* assets */; };
		0087D25512CD809F002CD69F /* CoreText.framework in Frameworks */ = {isa = PBXBuildFile; fileRef = 0087D25412CD809F002CD69F /* CoreText.framework */; };
		00A66A361965AC8800B17EB3 /* Accelerate.framework in Frameworks */ = {isa = PBXBuildFile; fileRef = 00A66A351965AC8800B17EB3 /* Accelerate.framework */; };
		00CFDF6B1138442D0091E310 /* CoreGraphics.framework in Frameworks */ = {isa = PBXBuildFile; fileRef = 00CFDF6A1138442D0091E310 /* CoreGraphics.framework */; };
		1D60589F0D05DD5A006BFB54 /* Foundation.framework in Frameworks */ = {isa = PBXBuildFile; fileRef = 1D30AB110D05D00D00671497 /* Foundation.framework */; };
		1DF5F4E00D08C38300B7A737 /* UIKit.framework in Frameworks */ = {isa = PBXBuildFile; fileRef = 1DF5F4DF0D08C38300B7A737 /* UIKit.framework */; };
		24BEDBA6B8194C7E9EEDD25B /* LaunchScreen.xib in Resources */ = {isa = PBXBuildFile; fileRef = 521EC911AA4F41B28D82AB9F /* LaunchScreen.xib */; };
		28FD15000DC6FC520079059D /* OpenGLES.framework in Frameworks */ = {isa = PBXBuildFile; fileRef = 28FD14FF0DC6FC520079059D /* OpenGLES.framework */; };
		28FD15080DC6FC5B0079059D /* QuartzCore.framework in Frameworks */ = {isa = PBXBuildFile; fileRef = 28FD15070DC6FC5B0079059D /* QuartzCore.framework */; };
		43AEA2A6153A409E820E9844 /* CinderARKit.cpp in Sources */ = {isa = PBXBuildFile; fileRef = 899F1BD1F5DC4F3B9BBEF86C /* CinderARKit.cpp */; };
		5E34347FE7F24E9C84B1D785 /* ARSessionImpl.mm in Sources */ = {isa = PBXBuildFile; fileRef = 4CD640B97F144A279A2B2F5B /* ARSessionImpl.mm */; };
		75E34E2B31CF4535A0D1CAEA /* Images.xcassets in Resources */ = {isa = PBXBuildFile; fileRef = 9C6AB67FF90C4071B4683318 /* Images.xcassets */; };
		A4EEF9827FD7432F8AFF3CDD /* CinderApp_ios.png in Resources */ = {isa = PBXBuildFile; fileRef = B6F22202967F416C8178197B /* CinderApp_ios.png */; };
		BB5985D42448A7D60042C696 /* DrawSave.cpp in Sources */ = {isa = PBXBuildFile; fileRef = BB5985D22448A7D60042C696 /* DrawSave.cpp */; };
		BB5985DA2448AD6C0042C696 /* DrawParticles.cpp in Sources */ = {isa = PBXBuildFile; fileRef = BB5985D82448AD6C0042C696 /* DrawParticles.cpp */; };
		C725DFFE121DAC7F00FA186B /* CoreMedia.framework in Frameworks */ = {isa = PBXBuildFile; fileRef = C727C02B121B400300192073 /* CoreMedia.framework */; settings = {ATTRIBUTES = (Weak, ); }; };
		C725E001121DAC8F00FA186B /* AVFoundation.framework in Frameworks */ = {isa = PBXBuildFile; fileRef = C725E000121DAC8F00FA186B /* AVFoundation.framework */; settings = {ATTRIBUTES = (Weak, ); }; };
		C725E001121DAC8FFFFA18FF /* ImageIO.framework in Frameworks */ = {isa = PBXBuildFile; fileRef = 00CFDF6A1138442D0091FFFF /* ImageIO.framework */; };
		C727C02E121B400300192073 /* CoreVideo.framework in Frameworks */ = {isa = PBXBuildFile; fileRef = C727C02D121B400300192073 /* CoreVideo.framework */; settings = {ATTRIBUTES = (Weak, ); }; };
		C7FB19D6124BC0D70045AFD2 /* AudioToolbox.framework in Frameworks */ = {isa = PBXBuildFile; fileRef = C7FB19D5124BC0D70045AFD2 /* AudioToolbox.framework */; };
		C86701FF4E39424A91479231 /* EntrainmentApp.cpp in Sources */ = {isa = PBXBuildFile; fileRef = 3F0B38EC5A93466A9EF43B55 /* EntrainmentApp.cpp */; };
		DDDDE001121DAC8FFFFADDDD /* MobileCoreServices.framework in Frameworks */ = {isa = PBXBuildFile; fileRef = DDDDDF6A1138442D0091DDDD /* MobileCoreServices.framework */; };
		EBD985ADFA964A118A2D0EC4 /* ARKit.framework in Frameworks */ = {isa = PBXBuildFile; fileRef = AB4639B6464F4A839715D366 /* ARKit.framework */; };
/* End PBXBuildFile section */

/* Begin PBXFileReference section */
		00692BCF14FF149000D0A05E /* Entrainment.app */ = {isa = PBXFileReference; explicitFileType = wrapper.application; includeInIndex = 0; path = Entrainment.app; sourceTree = BUILT_PRODUCTS_DIR; };
		00748057165D41390024B57A /* assets */ = {isa = PBXFileReference; lastKnownFileType = folder; name = assets; path = ../assets; sourceTree = "<group>"; };
		0087D25412CD809F002CD69F /* CoreText.framework */ = {isa = PBXFileReference; lastKnownFileType = wrapper.framework; name = CoreText.framework; path = System/Library/Frameworks/CoreText.framework; sourceTree = SDKROOT; };
		00A66A351965AC8800B17EB3 /* Accelerate.framework */ = {isa = PBXFileReference; lastKnownFileType = wrapper.framework; name = Accelerate.framework; path = System/Library/Frameworks/Accelerate.framework; sourceTree = SDKROOT; };
		00CFDF6A1138442D0091E310 /* CoreGraphics.framework */ = {isa = PBXFileReference; lastKnownFileType = wrapper.framework; name = CoreGraphics.framework; path = System/Library/Frameworks/CoreGraphics.framework; sourceTree = SDKROOT; };
		00CFDF6A1138442D0091FFFF /* ImageIO.framework */ = {isa = PBXFileReference; lastKnownFileType = wrapper.framework; name = ImageIO.framework; path = System/Library/Frameworks/ImageIO.framework; sourceTree = SDKROOT; };
		0D8B90C330D04823A0C39179 /* Info.plist */ = {isa = PBXFileReference; lastKnownFileType = text.plist.xml; path = Info.plist; sourceTree = "<group>"; };
		1D30AB110D05D00D00671497 /* Foundation.framework */ = {isa = PBXFileReference; lastKnownFileType = wrapper.framework; name = Foundation.framework; path = System/Library/Frameworks/Foundation.framework; sourceTree = SDKROOT; };
		1DF5F4DF0D08C38300B7A737 /* UIKit.framework */ = {isa = PBXFileReference; lastKnownFileType = wrapper.framework; name = UIKit.framework; path = System/Library/Frameworks/UIKit.framework; sourceTree = SDKROOT; };
		28FD14FF0DC6FC520079059D /* OpenGLES.framework */ = {isa = PBXFileReference; lastKnownFileType = wrapper.framework; name = OpenGLES.framework; path = System/Library/Frameworks/OpenGLES.framework; sourceTree = SDKROOT; };
		28FD15070DC6FC5B0079059D /* QuartzCore.framework */ = {isa = PBXFileReference; lastKnownFileType = wrapper.framework; name = QuartzCore.framework; path = System/Library/Frameworks/QuartzCore.framework; sourceTree = SDKROOT; };
		3A6D85076C9545CE9C3DCDD3 /* ARSessionImpl.h */ = {isa = PBXFileReference; lastKnownFileType = sourcecode.c.h; name = ARSessionImpl.h; path = "../blocks/Cinder-ARKit/include/ARSessionImpl.h"; sourceTree = "<group>"; };
		3F0B38EC5A93466A9EF43B55 /* EntrainmentApp.cpp */ = {isa = PBXFileReference; lastKnownFileType = sourcecode.c.cpp; name = EntrainmentApp.cpp; path = ../src/EntrainmentApp.cpp; sourceTree = "<group>"; };
		4CD640B97F144A279A2B2F5B /* ARSessionImpl.mm */ = {isa = PBXFileReference; lastKnownFileType = sourcecode.cpp.objcpp; name = ARSessionImpl.mm; path = "../blocks/Cinder-ARKit/src/ARSessionImpl.mm"; sourceTree = "<group>"; };
		521EC911AA4F41B28D82AB9F /* LaunchScreen.xib */ = {isa = PBXFileReference; lastKnownFileType = "\"\""; path = LaunchScreen.xib; sourceTree = "<group>"; };
		816CEE899DCD4AEDAAAE252F /* Entrainment_Prefix.pch */ = {isa = PBXFileReference; lastKnownFileType = "\"\""; path = Entrainment_Prefix.pch; sourceTree = "<group>"; };
		88B6EAED038A461E851BDC06 /* Resources.h */ = {isa = PBXFileReference; lastKnownFileType = sourcecode.c.h; name = Resources.h; path = ../include/Resources.h; sourceTree = "<group>"; };
		899F1BD1F5DC4F3B9BBEF86C /* CinderARKit.cpp */ = {isa = PBXFileReference; lastKnownFileType = sourcecode.c.cpp; name = CinderARKit.cpp; path = "../blocks/Cinder-ARKit/src/CinderARKit.cpp"; sourceTree = "<group>"; };
		9C6AB67FF90C4071B4683318 /* Images.xcassets */ = {isa = PBXFileReference; lastKnownFileType = "\"\""; path = Images.xcassets; sourceTree = "<group>"; };
		A2BBD2FB8526458CB1A12780 /* CinderARKit.h */ = {isa = PBXFileReference; lastKnownFileType = sourcecode.c.h; name = CinderARKit.h; path = "../blocks/Cinder-ARKit/include/CinderARKit.h"; sourceTree = "<group>"; };
		AB4639B6464F4A839715D366 /* ARKit.framework */ = {isa = PBXFileReference; lastKnownFileType = wrapper.framework; name = ARKit.framework; path = System/Library/Frameworks/ARKit.framework; sourceTree = SDKROOT; };
		B22F9BD4F559488190CDD572 /* ARAnchorTypes.h */ = {isa = PBXFileReference; lastKnownFileType = sourcecode.c.h; name = ARAnchorTypes.h; path = "../blocks/Cinder-ARKit/include/ARAnchorTypes.h"; sourceTree = "<group>"; };
		B6F22202967F416C8178197B /* CinderApp_ios.png */ = {isa = PBXFileReference; lastKnownFileType = "\"\""; name = CinderApp_ios.png; path = ../resources/CinderApp_ios.png; sourceTree = "<group>"; };
		BB5985D02448A75E0042C696 /* FboPingPong.hpp */ = {isa = PBXFileReference; lastKnownFileType = sourcecode.cpp.h; name = FboPingPong.hpp; path = ../src/FboPingPong.hpp; sourceTree = "<group>"; };
		BB5985D22448A7D60042C696 /* DrawSave.cpp */ = {isa = PBXFileReference; lastKnownFileType = sourcecode.cpp.cpp; name = DrawSave.cpp; path = ../src/DrawSave.cpp; sourceTree = "<group>"; };
		BB5985D32448A7D60042C696 /* DrawSave.hpp */ = {isa = PBXFileReference; lastKnownFileType = sourcecode.cpp.h; name = DrawSave.hpp; path = ../src/DrawSave.hpp; sourceTree = "<group>"; };
		BB5985D62448A8110042C696 /* Config.hpp */ = {isa = PBXFileReference; lastKnownFileType = sourcecode.cpp.h; name = Config.hpp; path = ../src/Config.hpp; sourceTree = "<group>"; };
		BB5985D82448AD6C0042C696 /* DrawParticles.cpp */ = {isa = PBXFileReference; lastKnownFileType = sourcecode.cpp.cpp; name = DrawParticles.cpp; path = ../src/DrawParticles.cpp; sourceTree = "<group>"; };
		BB5985D92448AD6C0042C696 /* DrawParticles.hpp */ = {isa = PBXFileReference; lastKnownFileType = sourcecode.cpp.h; name = DrawParticles.hpp; path = ../src/DrawParticles.hpp; sourceTree = "<group>"; };
		C725E000121DAC8F00FA186B /* AVFoundation.framework */ = {isa = PBXFileReference; lastKnownFileType = wrapper.framework; name = AVFoundation.framework; path = System/Library/Frameworks/AVFoundation.framework; sourceTree = SDKROOT; };
		C727C02B121B400300192073 /* CoreMedia.framework */ = {isa = PBXFileReference; lastKnownFileType = wrapper.framework; name = CoreMedia.framework; path = System/Library/Frameworks/CoreMedia.framework; sourceTree = SDKROOT; };
		C727C02D121B400300192073 /* CoreVideo.framework */ = {isa = PBXFileReference; lastKnownFileType = wrapper.framework; name = CoreVideo.framework; path = System/Library/Frameworks/CoreVideo.framework; sourceTree = SDKROOT; };
		C746F9AD61984F26A827E574 /* BatchHelpers.h */ = {isa = PBXFileReference; lastKnownFileType = sourcecode.c.h; name = BatchHelpers.h; path = ../blocks/Alfrid/include/BatchHelpers.h; sourceTree = "<group>"; };
		C7FB19D5124BC0D70045AFD2 /* AudioToolbox.framework */ = {isa = PBXFileReference; lastKnownFileType = wrapper.framework; name = AudioToolbox.framework; path = System/Library/Frameworks/AudioToolbox.framework; sourceTree = SDKROOT; };
		DDDDDF6A1138442D0091DDDD /* MobileCoreServices.framework */ = {isa = PBXFileReference; lastKnownFileType = wrapper.framework; name = MobileCoreServices.framework; path = System/Library/Frameworks/MobileCoreServices.framework; sourceTree = SDKROOT; };
		EA393D7BEFED4E8293431B81 /* CinderARKitUtils.h */ = {isa = PBXFileReference; lastKnownFileType = sourcecode.c.h; name = CinderARKitUtils.h; path = "../blocks/Cinder-ARKit/include/CinderARKitUtils.h"; sourceTree = "<group>"; };
/* End PBXFileReference section */

/* Begin PBXFrameworksBuildPhase section */
		00692BCC14FF149000D0A05E /* Frameworks */ = {
			isa = PBXFrameworksBuildPhase;
			buildActionMask = 2147483647;
			files = (
				C725E001121DAC8F00FA186B /* AVFoundation.framework in Frameworks */,
				C725DFFE121DAC7F00FA186B /* CoreMedia.framework in Frameworks */,
				C725E001121DAC8FFFFA18FF /* ImageIO.framework in Frameworks */,
				DDDDE001121DAC8FFFFADDDD /* MobileCoreServices.framework in Frameworks */,
				1D60589F0D05DD5A006BFB54 /* Foundation.framework in Frameworks */,
				1DF5F4E00D08C38300B7A737 /* UIKit.framework in Frameworks */,
				28FD15000DC6FC520079059D /* OpenGLES.framework in Frameworks */,
				28FD15080DC6FC5B0079059D /* QuartzCore.framework in Frameworks */,
				00CFDF6B1138442D0091E310 /* CoreGraphics.framework in Frameworks */,
				C727C02E121B400300192073 /* CoreVideo.framework in Frameworks */,
				C7FB19D6124BC0D70045AFD2 /* AudioToolbox.framework in Frameworks */,
				00A66A361965AC8800B17EB3 /* Accelerate.framework in Frameworks */,
				0087D25512CD809F002CD69F /* CoreText.framework in Frameworks */,
				EBD985ADFA964A118A2D0EC4 /* ARKit.framework in Frameworks */,
			);
			runOnlyForDeploymentPostprocessing = 0;
		};
/* End PBXFrameworksBuildPhase section */

/* Begin PBXGroup section */
		00692BC414FF149000D0A05E = {
			isa = PBXGroup;
			children = (
				99692BD914FF149000DFFFFF /* Blocks */,
				99692BD914FF149000D0A05F /* Headers */,
				00692BD914FF149000D0A05E /* Source */,
				00692BD914FF149000D0FFFF /* Resources */,
				00692BD214FF149000D0A05E /* Frameworks */,
				00692BD014FF149000D0A05E /* Products */,
			);
			sourceTree = "<group>";
		};
		00692BD014FF149000D0A05E /* Products */ = {
			isa = PBXGroup;
			children = (
				00692BCF14FF149000D0A05E /* Entrainment.app */,
			);
			name = Products;
			sourceTree = "<group>";
		};
		00692BD214FF149000D0A05E /* Frameworks */ = {
			isa = PBXGroup;
			children = (
				C7FB19D5124BC0D70045AFD2 /* AudioToolbox.framework */,
				00A66A351965AC8800B17EB3 /* Accelerate.framework */,
				C727C02B121B400300192073 /* CoreMedia.framework */,
				C727C02D121B400300192073 /* CoreVideo.framework */,
				28FD15070DC6FC5B0079059D /* QuartzCore.framework */,
				28FD14FF0DC6FC520079059D /* OpenGLES.framework */,
				1DF5F4DF0D08C38300B7A737 /* UIKit.framework */,
				1D30AB110D05D00D00671497 /* Foundation.framework */,
				00CFDF6A1138442D0091E310 /* CoreGraphics.framework */,
				00CFDF6A1138442D0091FFFF /* ImageIO.framework */,
				DDDDDF6A1138442D0091DDDD /* MobileCoreServices.framework */,
				C725E000121DAC8F00FA186B /* AVFoundation.framework */,
				0087D25412CD809F002CD69F /* CoreText.framework */,
				AB4639B6464F4A839715D366 /* ARKit.framework */,
			);
			name = Frameworks;
			sourceTree = "<group>";
		};
		00692BD914FF149000D0A05E /* Source */ = {
			isa = PBXGroup;
			children = (
				3F0B38EC5A93466A9EF43B55 /* EntrainmentApp.cpp */,
				BB5985D02448A75E0042C696 /* FboPingPong.hpp */,
				BB5985D22448A7D60042C696 /* DrawSave.cpp */,
				BB5985D32448A7D60042C696 /* DrawSave.hpp */,
				BB5985D62448A8110042C696 /* Config.hpp */,
				BB5985D82448AD6C0042C696 /* DrawParticles.cpp */,
				BB5985D92448AD6C0042C696 /* DrawParticles.hpp */,
			);
			name = Source;
			sourceTree = "<group>";
		};
		00692BD914FF149000D0FFFF /* Resources */ = {
			isa = PBXGroup;
			children = (
				00748057165D41390024B57A /* assets */,
				B6F22202967F416C8178197B /* CinderApp_ios.png */,
				9C6AB67FF90C4071B4683318 /* Images.xcassets */,
				521EC911AA4F41B28D82AB9F /* LaunchScreen.xib */,
				0D8B90C330D04823A0C39179 /* Info.plist */,
			);
			name = Resources;
			sourceTree = "<group>";
		};
		0F14970FF2CF4FECB05CBD45 /* include */ = {
			isa = PBXGroup;
			children = (
				C746F9AD61984F26A827E574 /* BatchHelpers.h */,
			);
			name = include;
			sourceTree = "<group>";
		};
		508BFE3DC9264554A4E2B6E0 /* Cinder-ARKit */ = {
			isa = PBXGroup;
			children = (
				C7C9B6A23CB340ABA4FFDDD0 /* src */,
				AD95BF0CF2EE43079282708E /* include */,
			);
			name = "Cinder-ARKit";
			sourceTree = "<group>";
		};
		99692BD914FF149000D0A05F /* Headers */ = {
			isa = PBXGroup;
			children = (
				88B6EAED038A461E851BDC06 /* Resources.h */,
				816CEE899DCD4AEDAAAE252F /* Entrainment_Prefix.pch */,
			);
			name = Headers;
			sourceTree = "<group>";
		};
		99692BD914FF149000DFFFFF /* Blocks */ = {
			isa = PBXGroup;
			children = (
				E3FD9BCF01034D74A787D053 /* Alfrid */,
				508BFE3DC9264554A4E2B6E0 /* Cinder-ARKit */,
			);
			name = Blocks;
			sourceTree = "<group>";
		};
		AD95BF0CF2EE43079282708E /* include */ = {
			isa = PBXGroup;
			children = (
				B22F9BD4F559488190CDD572 /* ARAnchorTypes.h */,
				3A6D85076C9545CE9C3DCDD3 /* ARSessionImpl.h */,
				A2BBD2FB8526458CB1A12780 /* CinderARKit.h */,
				EA393D7BEFED4E8293431B81 /* CinderARKitUtils.h */,
			);
			name = include;
			sourceTree = "<group>";
		};
		C7C9B6A23CB340ABA4FFDDD0 /* src */ = {
			isa = PBXGroup;
			children = (
				899F1BD1F5DC4F3B9BBEF86C /* CinderARKit.cpp */,
				4CD640B97F144A279A2B2F5B /* ARSessionImpl.mm */,
			);
			name = src;
			sourceTree = "<group>";
		};
		E3FD9BCF01034D74A787D053 /* Alfrid */ = {
			isa = PBXGroup;
			children = (
				0F14970FF2CF4FECB05CBD45 /* include */,
			);
			name = Alfrid;
			sourceTree = "<group>";
		};
/* End PBXGroup section */

/* Begin PBXNativeTarget section */
		00692BCE14FF149000D0A05E /* Entrainment */ = {
			isa = PBXNativeTarget;
			buildConfigurationList = 00692BF514FF149000D0A05E /* Build configuration list for PBXNativeTarget "Entrainment" */;
			buildPhases = (
				00692BCB14FF149000D0A05E /* Sources */,
				00692BCC14FF149000D0A05E /* Frameworks */,
				00692BCD14FF149000D0A05E /* Resources */,
			);
			buildRules = (
			);
			dependencies = (
			);
			name = Entrainment;
			productName = Entrainment;
			productReference = 00692BCF14FF149000D0A05E /* Entrainment.app */;
			productType = "com.apple.product-type.application";
		};
/* End PBXNativeTarget section */

/* Begin PBXProject section */
		00692BC614FF149000D0A05E /* Project object */ = {
			isa = PBXProject;
			attributes = {
				TargetAttributes = {
					00692BCE14FF149000D0A05E = {
						DevelopmentTeam = 6SELZG84NA;
					};
				};
			};
			buildConfigurationList = 00692BC914FF149000D0A05E /* Build configuration list for PBXProject "Entrainment" */;
			compatibilityVersion = "Xcode 3.2";
			developmentRegion = English;
			hasScannedForEncodings = 0;
			knownRegions = (
				English,
				en,
			);
			mainGroup = 00692BC414FF149000D0A05E;
			productRefGroup = 00692BD014FF149000D0A05E /* Products */;
			projectDirPath = "";
			projectRoot = "";
			targets = (
				00692BCE14FF149000D0A05E /* Entrainment */,
			);
		};
/* End PBXProject section */

/* Begin PBXResourcesBuildPhase section */
		00692BCD14FF149000D0A05E /* Resources */ = {
			isa = PBXResourcesBuildPhase;
			buildActionMask = 2147483647;
			files = (
				00748058165D41390024B57A /* assets in Resources */,
				A4EEF9827FD7432F8AFF3CDD /* CinderApp_ios.png in Resources */,
				75E34E2B31CF4535A0D1CAEA /* Images.xcassets in Resources */,
				24BEDBA6B8194C7E9EEDD25B /* LaunchScreen.xib in Resources */,
			);
			runOnlyForDeploymentPostprocessing = 0;
		};
/* End PBXResourcesBuildPhase section */

/* Begin PBXSourcesBuildPhase section */
		00692BCB14FF149000D0A05E /* Sources */ = {
			isa = PBXSourcesBuildPhase;
			buildActionMask = 2147483647;
			files = (
				C86701FF4E39424A91479231 /* EntrainmentApp.cpp in Sources */,
				43AEA2A6153A409E820E9844 /* CinderARKit.cpp in Sources */,
				BB5985DA2448AD6C0042C696 /* DrawParticles.cpp in Sources */,
				BB5985D42448A7D60042C696 /* DrawSave.cpp in Sources */,
				5E34347FE7F24E9C84B1D785 /* ARSessionImpl.mm in Sources */,
			);
			runOnlyForDeploymentPostprocessing = 0;
		};
/* End PBXSourcesBuildPhase section */

/* Begin XCBuildConfiguration section */
		00692BF314FF149000D0A05E /* Debug */ = {
			isa = XCBuildConfiguration;
			buildSettings = {
				ALWAYS_SEARCH_USER_PATHS = NO;
				ARCHS = "$(ARCHS_STANDARD)";
				ASSETCATALOG_COMPILER_LAUNCHIMAGE_NAME = LaunchImage;
				CINDER_PATH = ../../../../cinder_0.9.1;
				CLANG_CXX_LANGUAGE_STANDARD = "c++11";
				CLANG_CXX_LIBRARY = "libc++";
				"CODE_SIGN_IDENTITY[sdk=iphoneos*]" = "iPhone Developer";
				COPY_PHASE_STRIP = NO;
				DEAD_CODE_STRIPPING = YES;
				GCC_C_LANGUAGE_STANDARD = gnu99;
				GCC_DYNAMIC_NO_PIC = NO;
				GCC_OPTIMIZATION_LEVEL = 0;
				GCC_PREPROCESSOR_DEFINITIONS = (
					"DEBUG=1",
					"$(inherited)",
				);
				GCC_SYMBOLS_PRIVATE_EXTERN = NO;
				GCC_VERSION = com.apple.compilers.llvm.clang.1_0;
				GCC_WARN_ABOUT_MISSING_PROTOTYPES = YES;
				GCC_WARN_ABOUT_RETURN_TYPE = YES;
				GCC_WARN_UNUSED_VARIABLE = YES;
				HEADER_SEARCH_PATHS = "\"$(CINDER_PATH)/include\"";
				IPHONEOS_DEPLOYMENT_TARGET = 13.0;
				SDKROOT = iphoneos;
				TARGETED_DEVICE_FAMILY = "1,2";
				USER_HEADER_SEARCH_PATHS = "\"$(CINDER_PATH)/include\" ../include ../blocks/Alfrid/include \"../blocks/Cinder-ARKit/include\" \"../blocks/Cinder-ARKit/src\"";
			};
			name = Debug;
		};
		00692BF414FF149000D0A05E /* Release */ = {
			isa = XCBuildConfiguration;
			buildSettings = {
				ALWAYS_SEARCH_USER_PATHS = NO;
				ARCHS = "$(ARCHS_STANDARD)";
				ASSETCATALOG_COMPILER_LAUNCHIMAGE_NAME = LaunchImage;
				CINDER_PATH = ../../../../cinder_0.9.1;
				CLANG_CXX_LANGUAGE_STANDARD = "c++11";
				CLANG_CXX_LIBRARY = "libc++";
				"CODE_SIGN_IDENTITY[sdk=iphoneos*]" = "iPhone Developer";
				COPY_PHASE_STRIP = YES;
				DEAD_CODE_STRIPPING = YES;
				GCC_C_LANGUAGE_STANDARD = gnu99;
				GCC_PREPROCESSOR_DEFINITIONS = (
					"NDEBUG=1",
					"$(inherited)",
				);
				GCC_VERSION = com.apple.compilers.llvm.clang.1_0;
				GCC_WARN_ABOUT_MISSING_PROTOTYPES = YES;
				GCC_WARN_ABOUT_RETURN_TYPE = YES;
				GCC_WARN_UNUSED_VARIABLE = YES;
				HEADER_SEARCH_PATHS = "\"$(CINDER_PATH)/include\"";
				IPHONEOS_DEPLOYMENT_TARGET = 13.0;
				OTHER_CFLAGS = "-DNS_BLOCK_ASSERTIONS=1";
				SDKROOT = iphoneos;
				TARGETED_DEVICE_FAMILY = "1,2";
				USER_HEADER_SEARCH_PATHS = "\"$(CINDER_PATH)/include\" ../include ../blocks/Alfrid/include \"../blocks/Cinder-ARKit/include\" \"../blocks/Cinder-ARKit/src\"";
				VALIDATE_PRODUCT = YES;
			};
			name = Release;
		};
		00692BF614FF149000D0A05E /* Debug */ = {
			isa = XCBuildConfiguration;
			buildSettings = {
				DEVELOPMENT_TEAM = 6SELZG84NA;
				GCC_PRECOMPILE_PREFIX_HEADER = YES;
				GCC_PREFIX_HEADER = Entrainment_Prefix.pch;
				INFOPLIST_FILE = Info.plist;
				"OTHER_LDFLAGS[sdk=iphoneos*][arch=*]" = (
					"\"$(CINDER_PATH)/lib/ios/$(CONFIGURATION)/libcinder.a\"",
					"-lz",
				);
				"OTHER_LDFLAGS[sdk=iphonesimulator*][arch=*]" = (
					"\"$(CINDER_PATH)/lib/ios-sim/$(CONFIGURATION)/libcinder.a\"",
					"-lz",
				);
				PRODUCT_NAME = "$(TARGET_NAME)";
				WRAPPER_EXTENSION = app;
			};
			name = Debug;
		};
		00692BF714FF149000D0A05E /* Release */ = {
			isa = XCBuildConfiguration;
			buildSettings = {
				DEVELOPMENT_TEAM = 6SELZG84NA;
				GCC_PRECOMPILE_PREFIX_HEADER = YES;
				GCC_PREFIX_HEADER = Entrainment_Prefix.pch;
				INFOPLIST_FILE = Info.plist;
				"OTHER_LDFLAGS[sdk=iphoneos*][arch=*]" = (
					"\"$(CINDER_PATH)/lib/ios/$(CONFIGURATION)/libcinder.a\"",
					"-lz",
				);
				"OTHER_LDFLAGS[sdk=iphonesimulator*][arch=*]" = (
					"\"$(CINDER_PATH)/lib/ios-sim/$(CONFIGURATION)/libcinder.a\"",
					"-lz",
				);
				PRODUCT_NAME = "$(TARGET_NAME)";
				WRAPPER_EXTENSION = app;
			};
			name = Release;
		};
/* End XCBuildConfiguration section */

/* Begin XCConfigurationList section */
		00692BC914FF149000D0A05E /* Build configuration list for PBXProject "Entrainment" */ = {
			isa = XCConfigurationList;
			buildConfigurations = (
				00692BF314FF149000D0A05E /* Debug */,
				00692BF414FF149000D0A05E /* Release */,
			);
			defaultConfigurationIsVisible = 0;
			defaultConfigurationName = Release;
		};
		00692BF514FF149000D0A05E /* Build configuration list for PBXNativeTarget "Entrainment" */ = {
			isa = XCConfigurationList;
			buildConfigurations = (
				00692BF614FF149000D0A05E /* Debug */,
				00692BF714FF149000D0A05E /* Release */,
			);
			defaultConfigurationIsVisible = 0;
			defaultConfigurationName = Release;
		};
/* End XCConfigurationList section */
	};
	rootObject = 00692BC614FF149000D0A05E /* Project object */;
}
